{
  "name": "uploadFlyer",
  "requires": true,
  "lockfileVersion": 1,
  "dependencies": {
    "busboy": {
      "version": "0.3.0",
      "resolved": "https://registry.npmjs.org/busboy/-/busboy-0.3.0.tgz",
      "integrity": "sha512-e+kzZRAbbvJPLjQz2z+zAyr78BSi9IFeBTyLwF76g78Q2zRt/RZ1NtS3MS17v2yLqYfLz69zHdC+1L4ja8PwqQ==",
      "requires": {
        "dicer": "0.3.0"
      }
    },
    "dicer": {
      "version": "0.3.0",
      "resolved": "https://registry.npmjs.org/dicer/-/dicer-0.3.0.tgz",
      "integrity": "sha512-MdceRRWqltEG2dZqO769g27N/3PXfcKl04VhYnBlo2YhH7zPi88VebsjTKclaOyiuMaGU72hTfw3VkUitGcVCA==",
      "requires": {
        "streamsearch": "0.1.2"
      }
    },
    "moment": {
      "version": "2.24.0",
      "resolved": "https://registry.npmjs.org/moment/-/moment-2.24.0.tgz",
      "integrity": "sha512-bV7f+6l2QigeBBZSM/6yTNq4P2fNpSWj/0e7jQcy87A8e7o2nAfP/34/2ky5Vw4B9S446EtIhodAzkFCcR4dQg=="
    },
    "streamsearch": {
      "version": "0.1.2",
      "resolved": "https://registry.npmjs.org/streamsearch/-/streamsearch-0.1.2.tgz",
      "integrity": "sha1-gIudDlb8Jz2Am6VzOOkpkZoanxo="
    },
    "typeface-merriweather": {
      "version": "0.0.72",
      "resolved": "https://registry.npmjs.org/typeface-merriweather/-/typeface-merriweather-0.0.72.tgz",
      "integrity": "sha512-gO0+fcZ1fTyKUsYY1ltYOOTI6FmBGeEdyIfeQg9NL8aInndk0feiJJVJsKHm/DiyYrnQEezraAQhz/KQoqMGtw=="
    },
    "typeface-roboto": {
      "version": "0.0.54",
      "resolved": "https://registry.npmjs.org/typeface-roboto/-/typeface-roboto-0.0.54.tgz",
      "integrity": "sha512-sOFA1FXgP0gOgBYlS6irwq6hHYA370KE3dPlgYEJHL3PJd5X8gQE0RmL79ONif6fL5JZuGDj+rtOrFeOqz5IZQ=="
    }
  }
}
